{
  "name": "nodeprojects",
  "version": "1.0.0",
  "lockfileVersion": 2,
  "requires": true,
  "packages": {
    "": {
      "name": "nodeprojects",
      "version": "1.0.0",
      "license": "ISC",
      "dependencies": {
        "@types/yargs": "^17.0.3"
      }
    },
    "node_modules/@types/yargs": {
      "version": "17.0.3",
      "resolved": "https://registry.npmjs.org/@types/yargs/-/yargs-17.0.3.tgz",
      "integrity": "sha512-K7rm3Ke3ag/pAniBe80A6J6fjoqRibvCrl3dRmtXV9eCEt9h/pZwmHX9MzjQVUc/elneQTL4Ky7XKorC71Lmxw==",
      "dependencies": {
        "@types/yargs-parser": "*"
      }
    },
    "node_modules/@types/yargs-parser": {
      "version": "20.2.1",
      "resolved": "https://registry.npmjs.org/@types/yargs-parser/-/yargs-parser-20.2.1.tgz",
      "integrity": "sha512-7tFImggNeNBVMsn0vLrpn1H1uPrUBdnARPTpZoitY37ZrdJREzf7I16tMrlK3hen349gr1NYh8CmZQa7CTG6Aw=="
    }
  },
  "dependencies": {
    "@types/yargs": {
      "version": "17.0.3",
      "resolved": "https://registry.npmjs.org/@types/yargs/-/yargs-17.0.3.tgz",
      "integrity": "sha512-K7rm3Ke3ag/pAniBe80A6J6fjoqRibvCrl3dRmtXV9eCEt9h/pZwmHX9MzjQVUc/elneQTL4Ky7XKorC71Lmxw==",
      "requires": {
        "@types/yargs-parser": "*"
      }
    },
    "@types/yargs-parser": {
      "version": "20.2.1",
      "resolved": "https://registry.npmjs.org/@types/yargs-parser/-/yargs-parser-20.2.1.tgz",
      "integrity": "sha512-7tFImggNeNBVMsn0vLrpn1H1uPrUBdnARPTpZoitY37ZrdJREzf7I16tMrlK3hen349gr1NYh8CmZQa7CTG6Aw=="
    }
  }
}
